// !$*UTF8*$!
{
	archiveVersion = 1;
	classes = {
	};
	objectVersion = 50;
	objects = {

/* Begin PBXBuildFile section */
		59914E5B232B4F00001B0420 /* AppDelegate.swift in Sources */ = {isa = PBXBuildFile; fileRef = 59914E5A232B4F00001B0420 /* AppDelegate.swift */; };
		59914E5D232B4F00001B0420 /* ViewController.swift in Sources */ = {isa = PBXBuildFile; fileRef = 59914E5C232B4F00001B0420 /* ViewController.swift */; };
		59914E60232B4F00001B0420 /* Main.storyboard in Resources */ = {isa = PBXBuildFile; fileRef = 59914E5E232B4F00001B0420 /* Main.storyboard */; };
		59914E62232B4F01001B0420 /* Assets.xcassets in Resources */ = {isa = PBXBuildFile; fileRef = 59914E61232B4F01001B0420 /* Assets.xcassets */; };
		59914E65232B4F01001B0420 /* LaunchScreen.storyboard in Resources */ = {isa = PBXBuildFile; fileRef = 59914E63232B4F01001B0420 /* LaunchScreen.storyboard */; };
		59914E70232B4F01001B0420 /* PasswordHackerTests.swift in Sources */ = {isa = PBXBuildFile; fileRef = 59914E6F232B4F01001B0420 /* PasswordHackerTests.swift */; };
		59914E7B232B4F01001B0420 /* PasswordHackerUITests.swift in Sources */ = {isa = PBXBuildFile; fileRef = 59914E7A232B4F01001B0420 /* PasswordHackerUITests.swift */; };
/* End PBXBuildFile section */

/* Begin PBXContainerItemProxy section */
		59914E6C232B4F01001B0420 /* PBXContainerItemProxy */ = {
			isa = PBXContainerItemProxy;
			containerPortal = 59914E4F232B4F00001B0420 /* Project object */;
			proxyType = 1;
			remoteGlobalIDString = 59914E56232B4F00001B0420;
			remoteInfo = PasswordHacker;
		};
		59914E77232B4F01001B0420 /* PBXContainerItemProxy */ = {
			isa = PBXContainerItemProxy;
			containerPortal = 59914E4F232B4F00001B0420 /* Project object */;
			proxyType = 1;
			remoteGlobalIDString = 59914E56232B4F00001B0420;
			remoteInfo = PasswordHacker;
		};
/* End PBXContainerItemProxy section */

/* Begin PBXFileReference section */
		59914E57232B4F00001B0420 /* PasswordHacker.app */ = {isa = PBXFileReference; explicitFileType = wrapper.application; includeInIndex = 0; path = PasswordHacker.app; sourceTree = BUILT_PRODUCTS_DIR; };
		59914E5A232B4F00001B0420 /* AppDelegate.swift */ = {isa = PBXFileReference; lastKnownFileType = sourcecode.swift; path = AppDelegate.swift; sourceTree = "<group>"; };
		59914E5C232B4F00001B0420 /* ViewController.swift */ = {isa = PBXFileReference; lastKnownFileType = sourcecode.swift; path = ViewController.swift; sourceTree = "<group>"; };
		59914E5F232B4F00001B0420 /* Base */ = {isa = PBXFileReference; lastKnownFileType = file.storyboard; name = Base; path = Base.lproj/Main.storyboard; sourceTree = "<group>"; };
		59914E61232B4F01001B0420 /* Assets.xcassets */ = {isa = PBXFileReference; lastKnownFileType = folder.assetcatalog; path = Assets.xcassets; sourceTree = "<group>"; };
		59914E64232B4F01001B0420 /* Base */ = {isa = PBXFileReference; lastKnownFileType = file.storyboard; name = Base; path = Base.lproj/LaunchScreen.storyboard; sourceTree = "<group>"; };
		59914E66232B4F01001B0420 /* Info.plist */ = {isa = PBXFileReference; lastKnownFileType = text.plist.xml; path = Info.plist; sourceTree = "<group>"; };
		59914E6B232B4F01001B0420 /* PasswordHackerTests.xctest */ = {isa = PBXFileReference; explicitFileType = wrapper.cfbundle; includeInIndex = 0; path = PasswordHackerTests.xctest; sourceTree = BUILT_PRODUCTS_DIR; };
		59914E6F232B4F01001B0420 /* PasswordHackerTests.swift */ = {isa = PBXFileReference; lastKnownFileType = sourcecode.swift; path = PasswordHackerTests.swift; sourceTree = "<group>"; };
		59914E71232B4F01001B0420 /* Info.plist */ = {isa = PBXFileReference; lastKnownFileType = text.plist.xml; path = Info.plist; sourceTree = "<group>"; };
		59914E76232B4F01001B0420 /* PasswordHackerUITests.xctest */ = {isa = PBXFileReference; explicitFileType = wrapper.cfbundle; includeInIndex = 0; path = PasswordHackerUITests.xctest; sourceTree = BUILT_PRODUCTS_DIR; };
		59914E7A232B4F01001B0420 /* PasswordHackerUITests.swift */ = {isa = PBXFileReference; lastKnownFileType = sourcecode.swift; path = PasswordHackerUITests.swift; sourceTree = "<group>"; };
		59914E7C232B4F01001B0420 /* Info.plist */ = {isa = PBXFileReference; lastKnownFileType = text.plist.xml; path = Info.plist; sourceTree = "<group>"; };
/* End PBXFileReference section */

/* Begin PBXFrameworksBuildPhase section */
		59914E54232B4F00001B0420 /* Frameworks */ = {
			isa = PBXFrameworksBuildPhase;
			buildActionMask = 2147483647;
			files = (
			);
			runOnlyForDeploymentPostprocessing = 0;
		};
		59914E68232B4F01001B0420 /* Frameworks */ = {
			isa = PBXFrameworksBuildPhase;
			buildActionMask = 2147483647;
			files = (
			);
			runOnlyForDeploymentPostprocessing = 0;
		};
		59914E73232B4F01001B0420 /* Frameworks */ = {
			isa = PBXFrameworksBuildPhase;
			buildActionMask = 2147483647;
			files = (
			);
			runOnlyForDeploymentPostprocessing = 0;
		};
/* End PBXFrameworksBuildPhase section */

/* Begin PBXGroup section */
		59914E4E232B4F00001B0420 = {
			isa = PBXGroup;
			children = (
				59914E59232B4F00001B0420 /* PasswordHacker */,
				59914E6E232B4F01001B0420 /* PasswordHackerTests */,
				59914E79232B4F01001B0420 /* PasswordHackerUITests */,
				59914E58232B4F00001B0420 /* Products */,
			);
			sourceTree = "<group>";
		};
		59914E58232B4F00001B0420 /* Products */ = {
			isa = PBXGroup;
			children = (
				59914E57232B4F00001B0420 /* PasswordHacker.app */,
				59914E6B232B4F01001B0420 /* PasswordHackerTests.xctest */,
				59914E76232B4F01001B0420 /* PasswordHackerUITests.xctest */,
			);
			name = Products;
			sourceTree = "<group>";
		};
		59914E59232B4F00001B0420 /* PasswordHacker */ = {
			isa = PBXGroup;
			children = (
				59914E5A232B4F00001B0420 /* AppDelegate.swift */,
				59914E5C232B4F00001B0420 /* ViewController.swift */,
				59914E5E232B4F00001B0420 /* Main.storyboard */,
				59914E61232B4F01001B0420 /* Assets.xcassets */,
				59914E63232B4F01001B0420 /* LaunchScreen.storyboard */,
				59914E66232B4F01001B0420 /* Info.plist */,
			);
			path = PasswordHacker;
			sourceTree = "<group>";
		};
		59914E6E232B4F01001B0420 /* PasswordHackerTests */ = {
			isa = PBXGroup;
			children = (
				59914E6F232B4F01001B0420 /* PasswordHackerTests.swift */,
				59914E71232B4F01001B0420 /* Info.plist */,
			);
			path = PasswordHackerTests;
			sourceTree = "<group>";
		};
		59914E79232B4F01001B0420 /* PasswordHackerUITests */ = {
			isa = PBXGroup;
			children = (
				59914E7A232B4F01001B0420 /* PasswordHackerUITests.swift */,
				59914E7C232B4F01001B0420 /* Info.plist */,
			);
			path = PasswordHackerUITests;
			sourceTree = "<group>";
		};
/* End PBXGroup section */

/* Begin PBXNativeTarget section */
		59914E56232B4F00001B0420 /* PasswordHacker */ = {
			isa = PBXNativeTarget;
			buildConfigurationList = 59914E7F232B4F01001B0420 /* Build configuration list for PBXNativeTarget "PasswordHacker" */;
			buildPhases = (
				59914E53232B4F00001B0420 /* Sources */,
				59914E54232B4F00001B0420 /* Frameworks */,
				59914E55232B4F00001B0420 /* Resources */,
			);
			buildRules = (
			);
			dependencies = (
			);
			name = PasswordHacker;
			productName = PasswordHacker;
			productReference = 59914E57232B4F00001B0420 /* PasswordHacker.app */;
			productType = "com.apple.product-type.application";
		};
		59914E6A232B4F01001B0420 /* PasswordHackerTests */ = {
			isa = PBXNativeTarget;
			buildConfigurationList = 59914E82232B4F01001B0420 /* Build configuration list for PBXNativeTarget "PasswordHackerTests" */;
			buildPhases = (
				59914E67232B4F01001B0420 /* Sources */,
				59914E68232B4F01001B0420 /* Frameworks */,
				59914E69232B4F01001B0420 /* Resources */,
			);
			buildRules = (
			);
			dependencies = (
				59914E6D232B4F01001B0420 /* PBXTargetDependency */,
			);
			name = PasswordHackerTests;
			productName = PasswordHackerTests;
			productReference = 59914E6B232B4F01001B0420 /* PasswordHackerTests.xctest */;
			productType = "com.apple.product-type.bundle.unit-test";
		};
		59914E75232B4F01001B0420 /* PasswordHackerUITests */ = {
			isa = PBXNativeTarget;
			buildConfigurationList = 59914E85232B4F01001B0420 /* Build configuration list for PBXNativeTarget "PasswordHackerUITests" */;
			buildPhases = (
				59914E72232B4F01001B0420 /* Sources */,
				59914E73232B4F01001B0420 /* Frameworks */,
				59914E74232B4F01001B0420 /* Resources */,
			);
			buildRules = (
			);
			dependencies = (
				59914E78232B4F01001B0420 /* PBXTargetDependency */,
			);
			name = PasswordHackerUITests;
			productName = PasswordHackerUITests;
			productReference = 59914E76232B4F01001B0420 /* PasswordHackerUITests.xctest */;
			productType = "com.apple.product-type.bundle.ui-testing";
		};
/* End PBXNativeTarget section */

/* Begin PBXProject section */
		59914E4F232B4F00001B0420 /* Project object */ = {
			isa = PBXProject;
			attributes = {
				LastSwiftUpdateCheck = 1030;
				LastUpgradeCheck = 1030;
				ORGANIZATIONNAME = "笠原未来";
				TargetAttributes = {
					59914E56232B4F00001B0420 = {
						CreatedOnToolsVersion = 10.3;
					};
					59914E6A232B4F01001B0420 = {
						CreatedOnToolsVersion = 10.3;
						TestTargetID = 59914E56232B4F00001B0420;
					};
					59914E75232B4F01001B0420 = {
						CreatedOnToolsVersion = 10.3;
						TestTargetID = 59914E56232B4F00001B0420;
					};
				};
			};
			buildConfigurationList = 59914E52232B4F00001B0420 /* Build configuration list for PBXProject "PasswordHacker" */;
			compatibilityVersion = "Xcode 9.3";
			developmentRegion = en;
			hasScannedForEncodings = 0;
			knownRegions = (
				en,
				Base,
			);
			mainGroup = 59914E4E232B4F00001B0420;
			productRefGroup = 59914E58232B4F00001B0420 /* Products */;
			projectDirPath = "";
			projectRoot = "";
			targets = (
				59914E56232B4F00001B0420 /* PasswordHacker */,
				59914E6A232B4F01001B0420 /* PasswordHackerTests */,
				59914E75232B4F01001B0420 /* PasswordHackerUITests */,
			);
		};
/* End PBXProject section */

/* Begin PBXResourcesBuildPhase section */
		59914E55232B4F00001B0420 /* Resources */ = {
			isa = PBXResourcesBuildPhase;
			buildActionMask = 2147483647;
			files = (
				59914E65232B4F01001B0420 /* LaunchScreen.storyboard in Resources */,
				59914E62232B4F01001B0420 /* Assets.xcassets in Resources */,
				59914E60232B4F00001B0420 /* Main.storyboard in Resources */,
			);
			runOnlyForDeploymentPostprocessing = 0;
		};
		59914E69232B4F01001B0420 /* Resources */ = {
			isa = PBXResourcesBuildPhase;
			buildActionMask = 2147483647;
			files = (
			);
			runOnlyForDeploymentPostprocessing = 0;
		};
		59914E74232B4F01001B0420 /* Resources */ = {
			isa = PBXResourcesBuildPhase;
			buildActionMask = 2147483647;
			files = (
			);
			runOnlyForDeploymentPostprocessing = 0;
		};
/* End PBXResourcesBuildPhase section */

/* Begin PBXSourcesBuildPhase section */
		59914E53232B4F00001B0420 /* Sources */ = {
			isa = PBXSourcesBuildPhase;
			buildActionMask = 2147483647;
			files = (
				59914E5D232B4F00001B0420 /* ViewController.swift in Sources */,
				59914E5B232B4F00001B0420 /* AppDelegate.swift in Sources */,
			);
			runOnlyForDeploymentPostprocessing = 0;
		};
		59914E67232B4F01001B0420 /* Sources */ = {
			isa = PBXSourcesBuildPhase;
			buildActionMask = 2147483647;
			files = (
				59914E70232B4F01001B0420 /* PasswordHackerTests.swift in Sources */,
			);
			runOnlyForDeploymentPostprocessing = 0;
		};
		59914E72232B4F01001B0420 /* Sources */ = {
			isa = PBXSourcesBuildPhase;
			buildActionMask = 2147483647;
			files = (
				59914E7B232B4F01001B0420 /* PasswordHackerUITests.swift in Sources */,
			);
			runOnlyForDeploymentPostprocessing = 0;
		};
/* End PBXSourcesBuildPhase section */

/* Begin PBXTargetDependency section */
		59914E6D232B4F01001B0420 /* PBXTargetDependency */ = {
			isa = PBXTargetDependency;
			target = 59914E56232B4F00001B0420 /* PasswordHacker */;
			targetProxy = 59914E6C232B4F01001B0420 /* PBXContainerItemProxy */;
		};
		59914E78232B4F01001B0420 /* PBXTargetDependency */ = {
			isa = PBXTargetDependency;
			target = 59914E56232B4F00001B0420 /* PasswordHacker */;
			targetProxy = 59914E77232B4F01001B0420 /* PBXContainerItemProxy */;
		};
/* End PBXTargetDependency section */

/* Begin PBXVariantGroup section */
		59914E5E232B4F00001B0420 /* Main.storyboard */ = {
			isa = PBXVariantGroup;
			children = (
				59914E5F232B4F00001B0420 /* Base */,
			);
			name = Main.storyboard;
			sourceTree = "<group>";
		};
		59914E63232B4F01001B0420 /* LaunchScreen.storyboard */ = {
			isa = PBXVariantGroup;
			children = (
				59914E64232B4F01001B0420 /* Base */,
			);
			name = LaunchScreen.storyboard;
			sourceTree = "<group>";
		};
/* End PBXVariantGroup section */

/* Begin XCBuildConfiguration section */
		59914E7D232B4F01001B0420 /* Debug */ = {
			isa = XCBuildConfiguration;
			buildSettings = {
				ALWAYS_SEARCH_USER_PATHS = NO;
				CLANG_ANALYZER_NONNULL = YES;
				CLANG_ANALYZER_NUMBER_OBJECT_CONVERSION = YES_AGGRESSIVE;
				CLANG_CXX_LANGUAGE_STANDARD = "gnu++14";
				CLANG_CXX_LIBRARY = "libc++";
				CLANG_ENABLE_MODULES = YES;
				CLANG_ENABLE_OBJC_ARC = YES;
				CLANG_ENABLE_OBJC_WEAK = YES;
				CLANG_WARN_BLOCK_CAPTURE_AUTORELEASING = YES;
				CLANG_WARN_BOOL_CONVERSION = YES;
				CLANG_WARN_COMMA = YES;
				CLANG_WARN_CONSTANT_CONVERSION = YES;
				CLANG_WARN_DEPRECATED_OBJC_IMPLEMENTATIONS = YES;
				CLANG_WARN_DIRECT_OBJC_ISA_USAGE = YES_ERROR;
				CLANG_WARN_DOCUMENTATION_COMMENTS = YES;
				CLANG_WARN_EMPTY_BODY = YES;
				CLANG_WARN_ENUM_CONVERSION = YES;
				CLANG_WARN_INFINITE_RECURSION = YES;
				CLANG_WARN_INT_CONVERSION = YES;
				CLANG_WARN_NON_LITERAL_NULL_CONVERSION = YES;
				CLANG_WARN_OBJC_IMPLICIT_RETAIN_SELF = YES;
				CLANG_WARN_OBJC_LITERAL_CONVERSION = YES;
				CLANG_WARN_OBJC_ROOT_CLASS = YES_ERROR;
				CLANG_WARN_RANGE_LOOP_ANALYSIS = YES;
				CLANG_WARN_STRICT_PROTOTYPES = YES;
				CLANG_WARN_SUSPICIOUS_MOVE = YES;
				CLANG_WARN_UNGUARDED_AVAILABILITY = YES_AGGRESSIVE;
				CLANG_WARN_UNREACHABLE_CODE = YES;
				CLANG_WARN__DUPLICATE_METHOD_MATCH = YES;
				CODE_SIGN_IDENTITY = "iPhone Developer";
				COPY_PHASE_STRIP = NO;
				DEBUG_INFORMATION_FORMAT = dwarf;
				ENABLE_STRICT_OBJC_MSGSEND = YES;
				ENABLE_TESTABILITY = YES;
				GCC_C_LANGUAGE_STANDARD = gnu11;
				GCC_DYNAMIC_NO_PIC = NO;
				GCC_NO_COMMON_BLOCKS = YES;
				GCC_OPTIMIZATION_LEVEL = 0;
				GCC_PREPROCESSOR_DEFINITIONS = (
					"DEBUG=1",
					"$(inherited)",
				);
				GCC_WARN_64_TO_32_BIT_CONVERSION = YES;
				GCC_WARN_ABOUT_RETURN_TYPE = YES_ERROR;
				GCC_WARN_UNDECLARED_SELECTOR = YES;
				GCC_WARN_UNINITIALIZED_AUTOS = YES_AGGRESSIVE;
				GCC_WARN_UNUSED_FUNCTION = YES;
				GCC_WARN_UNUSED_VARIABLE = YES;
				IPHONEOS_DEPLOYMENT_TARGET = 12.4;
				MTL_ENABLE_DEBUG_INFO = INCLUDE_SOURCE;
				MTL_FAST_MATH = YES;
				ONLY_ACTIVE_ARCH = YES;
				SDKROOT = iphoneos;
				SWIFT_ACTIVE_COMPILATION_CONDITIONS = DEBUG;
				SWIFT_OPTIMIZATION_LEVEL = "-Onone";
			};
			name = Debug;
		};
		59914E7E232B4F01001B0420 /* Release */ = {
			isa = XCBuildConfiguration;
			buildSettings = {
				ALWAYS_SEARCH_USER_PATHS = NO;
				CLANG_ANALYZER_NONNULL = YES;
				CLANG_ANALYZER_NUMBER_OBJECT_CONVERSION = YES_AGGRESSIVE;
				CLANG_CXX_LANGUAGE_STANDARD = "gnu++14";
				CLANG_CXX_LIBRARY = "libc++";
				CLANG_ENABLE_MODULES = YES;
				CLANG_ENABLE_OBJC_ARC = YES;
				CLANG_ENABLE_OBJC_WEAK = YES;
				CLANG_WARN_BLOCK_CAPTURE_AUTORELEASING = YES;
				CLANG_WARN_BOOL_CONVERSION = YES;
				CLANG_WARN_COMMA = YES;
				CLANG_WARN_CONSTANT_CONVERSION = YES;
				CLANG_WARN_DEPRECATED_OBJC_IMPLEMENTATIONS = YES;
				CLANG_WARN_DIRECT_OBJC_ISA_USAGE = YES_ERROR;
				CLANG_WARN_DOCUMENTATION_COMMENTS = YES;
				CLANG_WARN_EMPTY_BODY = YES;
				CLANG_WARN_ENUM_CONVERSION = YES;
				CLANG_WARN_INFINITE_RECURSION = YES;
				CLANG_WARN_INT_CONVERSION = YES;
				CLANG_WARN_NON_LITERAL_NULL_CONVERSION = YES;
				CLANG_WARN_OBJC_IMPLICIT_RETAIN_SELF = YES;
				CLANG_WARN_OBJC_LITERAL_CONVERSION = YES;
				CLANG_WARN_OBJC_ROOT_CLASS = YES_ERROR;
				CLANG_WARN_RANGE_LOOP_ANALYSIS = YES;
				CLANG_WARN_STRICT_PROTOTYPES = YES;
				CLANG_WARN_SUSPICIOUS_MOVE = YES;
				CLANG_WARN_UNGUARDED_AVAILABILITY = YES_AGGRESSIVE;
				CLANG_WARN_UNREACHABLE_CODE = YES;
				CLANG_WARN__DUPLICATE_METHOD_MATCH = YES;
				CODE_SIGN_IDENTITY = "iPhone Developer";
				COPY_PHASE_STRIP = NO;
				DEBUG_INFORMATION_FORMAT = "dwarf-with-dsym";
				ENABLE_NS_ASSERTIONS = NO;
				ENABLE_STRICT_OBJC_MSGSEND = YES;
				GCC_C_LANGUAGE_STANDARD = gnu11;
				GCC_NO_COMMON_BLOCKS = YES;
				GCC_WARN_64_TO_32_BIT_CONVERSION = YES;
				GCC_WARN_ABOUT_RETURN_TYPE = YES_ERROR;
				GCC_WARN_UNDECLARED_SELECTOR = YES;
				GCC_WARN_UNINITIALIZED_AUTOS = YES_AGGRESSIVE;
				GCC_WARN_UNUSED_FUNCTION = YES;
				GCC_WARN_UNUSED_VARIABLE = YES;
				IPHONEOS_DEPLOYMENT_TARGET = 12.4;
				MTL_ENABLE_DEBUG_INFO = NO;
				MTL_FAST_MATH = YES;
				SDKROOT = iphoneos;
				SWIFT_COMPILATION_MODE = wholemodule;
				SWIFT_OPTIMIZATION_LEVEL = "-O";
				VALIDATE_PRODUCT = YES;
			};
			name = Release;
		};
		59914E80232B4F01001B0420 /* Debug */ = {
			isa = XCBuildConfiguration;
			buildSettings = {
				ASSETCATALOG_COMPILER_APPICON_NAME = AppIcon;
				CODE_SIGN_STYLE = Automatic;
				DEVELOPMENT_TEAM = FQ44R4777H;
				INFOPLIST_FILE = PasswordHacker/Info.plist;
				LD_RUNPATH_SEARCH_PATHS = (
					"$(inherited)",
					"@executable_path/Frameworks",
				);
				PRODUCT_BUNDLE_IDENTIFIER = com.mikukasahara.PasswordHacker;
				PRODUCT_NAME = "$(TARGET_NAME)";
				SWIFT_VERSION = 5.0;
				TARGETED_DEVICE_FAMILY = "1,2";
			};
			name = Debug;
		};
		59914E81232B4F01001B0420 /* Release */ = {
			isa = XCBuildConfiguration;
			buildSettings = {
				ASSETCATALOG_COMPILER_APPICON_NAME = AppIcon;
				CODE_SIGN_STYLE = Automatic;
				DEVELOPMENT_TEAM = FQ44R4777H;
				INFOPLIST_FILE = PasswordHacker/Info.plist;
				LD_RUNPATH_SEARCH_PATHS = (
					"$(inherited)",
					"@executable_path/Frameworks",
				);
				PRODUCT_BUNDLE_IDENTIFIER = com.mikukasahara.PasswordHacker;
				PRODUCT_NAME = "$(TARGET_NAME)";
				SWIFT_VERSION = 5.0;
				TARGETED_DEVICE_FAMILY = "1,2";
			};
			name = Release;
		};
		59914E83232B4F01001B0420 /* Debug */ = {
			isa = XCBuildConfiguration;
			buildSettings = {
				ALWAYS_EMBED_SWIFT_STANDARD_LIBRARIES = YES;
				BUNDLE_LOADER = "$(TEST_HOST)";
				CODE_SIGN_STYLE = Automatic;
				DEVELOPMENT_TEAM = FQ44R4777H;
				INFOPLIST_FILE = PasswordHackerTests/Info.plist;
				LD_RUNPATH_SEARCH_PATHS = (
					"$(inherited)",
					"@executable_path/Frameworks",
					"@loader_path/Frameworks",
				);
				PRODUCT_BUNDLE_IDENTIFIER = com.mikukasahara.PasswordHackerTests;
				PRODUCT_NAME = "$(TARGET_NAME)";
				SWIFT_VERSION = 5.0;
				TARGETED_DEVICE_FAMILY = "1,2";
				TEST_HOST = "$(BUILT_PRODUCTS_DIR)/PasswordHacker.app/PasswordHacker";
			};
			name = Debug;
		};
		59914E84232B4F01001B0420 /* Release */ = {
			isa = XCBuildConfiguration;
			buildSettings = {
				ALWAYS_EMBED_SWIFT_STANDARD_LIBRARIES = YES;
				BUNDLE_LOADER = "$(TEST_HOST)";
				CODE_SIGN_STYLE = Automatic;
				DEVELOPMENT_TEAM = FQ44R4777H;
				INFOPLIST_FILE = PasswordHackerTests/Info.plist;
				LD_RUNPATH_SEARCH_PATHS = (
					"$(inherited)",
					"@executable_path/Frameworks",
					"@loader_path/Frameworks",
				);
				PRODUCT_BUNDLE_IDENTIFIER = com.mikukasahara.PasswordHackerTests;
				PRODUCT_NAME = "$(TARGET_NAME)";
				SWIFT_VERSION = 5.0;
				TARGETED_DEVICE_FAMILY = "1,2";
				TEST_HOST = "$(BUILT_PRODUCTS_DIR)/PasswordHacker.app/PasswordHacker";
			};
			name = Release;
		};
		59914E86232B4F01001B0420 /* Debug */ = {
			isa = XCBuildConfiguration;
			buildSettings = {
				ALWAYS_EMBED_SWIFT_STANDARD_LIBRARIES = YES;
				CODE_SIGN_STYLE = Automatic;
				DEVELOPMENT_TEAM = FQ44R4777H;
				INFOPLIST_FILE = PasswordHackerUITests/Info.plist;
				LD_RUNPATH_SEARCH_PATHS = (
					"$(inherited)",
					"@executable_path/Frameworks",
					"@loader_path/Frameworks",
				);
				PRODUCT_BUNDLE_IDENTIFIER = com.mikukasahara.PasswordHackerUITests;
				PRODUCT_NAME = "$(TARGET_NAME)";
				SWIFT_VERSION = 5.0;
				TARGETED_DEVICE_FAMILY = "1,2";
				TEST_TARGET_NAME = PasswordHacker;
			};
			name = Debug;
		};
		59914E87232B4F01001B0420 /* Release */ = {
			isa = XCBuildConfiguration;
			buildSettings = {
				ALWAYS_EMBED_SWIFT_STANDARD_LIBRARIES = YES;
				CODE_SIGN_STYLE = Automatic;
				DEVELOPMENT_TEAM = FQ44R4777H;
				INFOPLIST_FILE = PasswordHackerUITests/Info.plist;
				LD_RUNPATH_SEARCH_PATHS = (
					"$(inherited)",
					"@executable_path/Frameworks",
					"@loader_path/Frameworks",
				);
				PRODUCT_BUNDLE_IDENTIFIER = com.mikukasahara.PasswordHackerUITests;
				PRODUCT_NAME = "$(TARGET_NAME)";
				SWIFT_VERSION = 5.0;
				TARGETED_DEVICE_FAMILY = "1,2";
				TEST_TARGET_NAME = PasswordHacker;
			};
			name = Release;
		};
/* End XCBuildConfiguration section */

/* Begin XCConfigurationList section */
		59914E52232B4F00001B0420 /* Build configuration list for PBXProject "PasswordHacker" */ = {
			isa = XCConfigurationList;
			buildConfigurations = (
				59914E7D232B4F01001B0420 /* Debug */,
				59914E7E232B4F01001B0420 /* Release */,
			);
			defaultConfigurationIsVisible = 0;
			defaultConfigurationName = Release;
		};
		59914E7F232B4F01001B0420 /* Build configuration list for PBXNativeTarget "PasswordHacker" */ = {
			isa = XCConfigurationList;
			buildConfigurations = (
				59914E80232B4F01001B0420 /* Debug */,
				59914E81232B4F01001B0420 /* Release */,
			);
			defaultConfigurationIsVisible = 0;
			defaultConfigurationName = Release;
		};
		59914E82232B4F01001B0420 /* Build configuration list for PBXNativeTarget "PasswordHackerTests" */ = {
			isa = XCConfigurationList;
			buildConfigurations = (
				59914E83232B4F01001B0420 /* Debug */,
				59914E84232B4F01001B0420 /* Release */,
			);
			defaultConfigurationIsVisible = 0;
			defaultConfigurationName = Release;
		};
		59914E85232B4F01001B0420 /* Build configuration list for PBXNativeTarget "PasswordHackerUITests" */ = {
			isa = XCConfigurationList;
			buildConfigurations = (
				59914E86232B4F01001B0420 /* Debug */,
				59914E87232B4F01001B0420 /* Release */,
			);
			defaultConfigurationIsVisible = 0;
			defaultConfigurationName = Release;
		};
/* End XCConfigurationList section */
	};
	rootObject = 59914E4F232B4F00001B0420 /* Project object */;
}
